
Microsoft Visual Studio Solution File, Format Version 12.00
# Visual Studio Version 17
VisualStudioVersion = 17.2.32630.192
MinimumVisualStudioVersion = 10.0.40219.1
Project("{8BC9CEB8-8B4A-11D0-8D11-00A0C91BC942}") = "ConnectionDLL", "ConnectionDLL\ConnectionDLL.vcxproj", "{33301B5D-3ACB-4361-A427-088786C4F97E}"
EndProject
Project("{FAE04EC0-301F-11D3-BF4B-00C04F79EFBC}") = "ConnectionTest", "ConnectionTest\ConnectionTest.csproj", "{D103FA7B-EC77-40CC-BCC7-8CED4BAD5F0C}"
EndProject
Global
	GlobalSection(SolutionConfigurationPlatforms) = preSolution
		Debug|Any CPU = Debug|Any CPU
		Debug|x64 = Debug|x64
		Debug|x86 = Debug|x86
		Release|Any CPU = Release|Any CPU
		Release|x64 = Release|x64
		Release|x86 = Release|x86
	EndGlobalSection
	GlobalSection(ProjectConfigurationPlatforms) = postSolution
		{33301B5D-3ACB-4361-A427-088786C4F97E}.Debug|Any CPU.ActiveCfg = Debug|x64
		{33301B5D-3ACB-4361-A427-088786C4F97E}.Debug|Any CPU.Build.0 = Debug|x64
		{33301B5D-3ACB-4361-A427-088786C4F97E}.Debug|x64.ActiveCfg = Debug|x64
		{33301B5D-3ACB-4361-A427-088786C4F97E}.Debug|x64.Build.0 = Debug|x64
		{33301B5D-3ACB-4361-A427-088786C4F97E}.Debug|x86.ActiveCfg = Debug|Win32
		{33301B5D-3ACB-4361-A427-088786C4F97E}.Debug|x86.Build.0 = Debug|Win32
		{33301B5D-3ACB-4361-A427-088786C4F97E}.Release|Any CPU.ActiveCfg = Release|x64
		{33301B5D-3ACB-4361-A427-088786C4F97E}.Release|Any CPU.Build.0 = Release|x64
		{33301B5D-3ACB-4361-A427-088786C4F97E}.Release|x64.ActiveCfg = Release|x64
		{33301B5D-3ACB-4361-A427-088786C4F97E}.Release|x64.Build.0 = Release|x64
		{33301B5D-3ACB-4361-A427-088786C4F97E}.Release|x86.ActiveCfg = Release|Win32
		{33301B5D-3ACB-4361-A427-088786C4F97E}.Release|x86.Build.0 = Release|Win32
		{D103FA7B-EC77-40CC-BCC7-8CED4BAD5F0C}.Debug|Any CPU.ActiveCfg = Debug|Any CPU
		{D103FA7B-EC77-40CC-BCC7-8CED4BAD5F0C}.Debug|Any CPU.Build.0 = Debug|Any CPU
		{D103FA7B-EC77-40CC-BCC7-8CED4BAD5F0C}.Debug|x64.ActiveCfg = Debug|Any CPU
		{D103FA7B-EC77-40CC-BCC7-8CED4BAD5F0C}.Debug|x64.Build.0 = Debug|Any CPU
		{D103FA7B-EC77-40CC-BCC7-8CED4BAD5F0C}.Debug|x86.ActiveCfg = Debug|Any CPU
		{D103FA7B-EC77-40CC-BCC7-8CED4BAD5F0C}.Debug|x86.Build.0 = Debug|Any CPU
		{D103FA7B-EC77-40CC-BCC7-8CED4BAD5F0C}.Release|Any CPU.ActiveCfg = Release|Any CPU
		{D103FA7B-EC77-40CC-BCC7-8CED4BAD5F0C}.Release|Any CPU.Build.0 = Release|Any CPU
		{D103FA7B-EC77-40CC-BCC7-8CED4BAD5F0C}.Release|x64.ActiveCfg = Release|Any CPU
		{D103FA7B-EC77-40CC-BCC7-8CED4BAD5F0C}.Release|x64.Build.0 = Release|Any CPU
		{D103FA7B-EC77-40CC-BCC7-8CED4BAD5F0C}.Release|x86.ActiveCfg = Release|Any CPU
		{D103FA7B-EC77-40CC-BCC7-8CED4BAD5F0C}.Release|x86.Build.0 = Release|Any CPU
	EndGlobalSection
	GlobalSection(SolutionProperties) = preSolution
		HideSolutionNode = FALSE
	EndGlobalSection
	GlobalSection(ExtensibilityGlobals) = postSolution
		SolutionGuid = {1153CC61-AE2A-4447-929F-57ECF9B91DEB}
	EndGlobalSection
EndGlobal
